
Microsoft Visual Studio Solution File, Format Version 12.00
# Visual Studio 2013
VisualStudioVersion = 12.0.31101.0
MinimumVisualStudioVersion = 10.0.40219.1
Project("{FAE04EC0-301F-11D3-BF4B-00C04F79EFBC}") = "Gn1090Gn1190Config", "Gn1090Gn1190Config.csproj", "{A2286016-925F-4A12-B3F6-F1868F9BDE1F}"
EndProject
Global
	GlobalSection(SolutionConfigurationPlatforms) = preSolution
		Debug|Any CPU = Debug|Any CPU
		Release|Any CPU = Release|Any CPU
	EndGlobalSection
	GlobalSection(ProjectConfigurationPlatforms) = postSolution
		{A2286016-925F-4A12-B3F6-F1868F9BDE1F}.Debug|Any CPU.ActiveCfg = Debug|Any CPU
		{A2286016-925F-4A12-B3F6-F1868F9BDE1F}.Debug|Any CPU.Build.0 = Debug|Any CPU
		{A2286016-925F-4A12-B3F6-F1868F9BDE1F}.Release|Any CPU.ActiveCfg = Release|Any CPU
		{A2286016-925F-4A12-B3F6-F1868F9BDE1F}.Release|Any CPU.Build.0 = Release|Any CPU
	EndGlobalSection
	GlobalSection(SolutionProperties) = preSolution
		HideSolutionNode = FALSE
	EndGlobalSection
EndGlobal
