
Microsoft Visual Studio Solution File, Format Version 12.00
# Visual Studio Version 17
VisualStudioVersion = 17.14.36301.6 d17.14
MinimumVisualStudioVersion = 10.0.40219.1
Project("{FAE04EC0-301F-11D3-BF4B-00C04F79EFBC}") = "WindowsFormsApp1", "WindowsFormsApp1.csproj", "{D34D312B-4196-4E17-8ED3-E5034FAFFF30}"
EndProject
Global
	GlobalSection(SolutionConfigurationPlatforms) = preSolution
		Debug|Any CPU = Debug|Any CPU
		Release|Any CPU = Release|Any CPU
	EndGlobalSection
	GlobalSection(ProjectConfigurationPlatforms) = postSolution
		{D34D312B-4196-4E17-8ED3-E5034FAFFF30}.Debug|Any CPU.ActiveCfg = Debug|Any CPU
		{D34D312B-4196-4E17-8ED3-E5034FAFFF30}.Debug|Any CPU.Build.0 = Debug|Any CPU
		{D34D312B-4196-4E17-8ED3-E5034FAFFF30}.Release|Any CPU.ActiveCfg = Release|Any CPU
		{D34D312B-4196-4E17-8ED3-E5034FAFFF30}.Release|Any CPU.Build.0 = Release|Any CPU
	EndGlobalSection
	GlobalSection(SolutionProperties) = preSolution
		HideSolutionNode = FALSE
	EndGlobalSection
	GlobalSection(ExtensibilityGlobals) = postSolution
		SolutionGuid = {D84902C9-011C-471D-8FA7-E04EEB26421F}
	EndGlobalSection
EndGlobal
