
Microsoft Visual Studio Solution File, Format Version 12.00
# Visual Studio 2013
VisualStudioVersion = 12.0.31101.0
MinimumVisualStudioVersion = 10.0.40219.1
Project("{FAE04EC0-301F-11D3-BF4B-00C04F79EFBC}") = "SfpDigitalDiagnosticMonitoring", "SfpDigitalDiagnosticMonitoring\SfpDigitalDiagnosticMonitoring.csproj", "{E0FC1A77-4519-4473-B770-B17D7C8BBD5C}"
EndProject
Global
	GlobalSection(SolutionConfigurationPlatforms) = preSolution
		Debug|Any CPU = Debug|Any CPU
		Release|Any CPU = Release|Any CPU
	EndGlobalSection
	GlobalSection(ProjectConfigurationPlatforms) = postSolution
		{E0FC1A77-4519-4473-B770-B17D7C8BBD5C}.Debug|Any CPU.ActiveCfg = Debug|Any CPU
		{E0FC1A77-4519-4473-B770-B17D7C8BBD5C}.Debug|Any CPU.Build.0 = Debug|Any CPU
		{E0FC1A77-4519-4473-B770-B17D7C8BBD5C}.Release|Any CPU.ActiveCfg = Release|Any CPU
		{E0FC1A77-4519-4473-B770-B17D7C8BBD5C}.Release|Any CPU.Build.0 = Release|Any CPU
	EndGlobalSection
	GlobalSection(SolutionProperties) = preSolution
		HideSolutionNode = FALSE
	EndGlobalSection
EndGlobal
