
Microsoft Visual Studio Solution File, Format Version 12.00
# Visual Studio Version 17
VisualStudioVersion = 17.2.32526.322
MinimumVisualStudioVersion = 10.0.40219.1
Project("{FAE04EC0-301F-11D3-BF4B-00C04F79EFBC}") = "Mald38045Mata38044Config", "Mald38045Mata38044Config.csproj", "{336752F1-7563-4A04-A85F-34F02CD4149B}"
EndProject
Global
	GlobalSection(SolutionConfigurationPlatforms) = preSolution
		Debug|Any CPU = Debug|Any CPU
		Release|Any CPU = Release|Any CPU
	EndGlobalSection
	GlobalSection(ProjectConfigurationPlatforms) = postSolution
		{336752F1-7563-4A04-A85F-34F02CD4149B}.Debug|Any CPU.ActiveCfg = Debug|Any CPU
		{336752F1-7563-4A04-A85F-34F02CD4149B}.Debug|Any CPU.Build.0 = Debug|Any CPU
		{336752F1-7563-4A04-A85F-34F02CD4149B}.Release|Any CPU.ActiveCfg = Release|Any CPU
		{336752F1-7563-4A04-A85F-34F02CD4149B}.Release|Any CPU.Build.0 = Release|Any CPU
	EndGlobalSection
	GlobalSection(SolutionProperties) = preSolution
		HideSolutionNode = FALSE
	EndGlobalSection
	GlobalSection(ExtensibilityGlobals) = postSolution
		SolutionGuid = {F7051611-A203-4CFC-B189-D2AB45944C58}
	EndGlobalSection
EndGlobal
