
Microsoft Visual Studio Solution File, Format Version 12.00
# Visual Studio Version 17
VisualStudioVersion = 17.14.36301.6 d17.14
MinimumVisualStudioVersion = 10.0.40219.1
Project("{FAE04EC0-301F-11D3-BF4B-00C04F79EFBC}") = "LoadingForm", "LoadingForm.csproj", "{292F7FFF-86E3-4F3F-9EB0-6F4D78C048C5}"
EndProject
Global
	GlobalSection(SolutionConfigurationPlatforms) = preSolution
		Debug|Any CPU = Debug|Any CPU
		Release|Any CPU = Release|Any CPU
	EndGlobalSection
	GlobalSection(ProjectConfigurationPlatforms) = postSolution
		{292F7FFF-86E3-4F3F-9EB0-6F4D78C048C5}.Debug|Any CPU.ActiveCfg = Debug|Any CPU
		{292F7FFF-86E3-4F3F-9EB0-6F4D78C048C5}.Debug|Any CPU.Build.0 = Debug|Any CPU
		{292F7FFF-86E3-4F3F-9EB0-6F4D78C048C5}.Release|Any CPU.ActiveCfg = Release|Any CPU
		{292F7FFF-86E3-4F3F-9EB0-6F4D78C048C5}.Release|Any CPU.Build.0 = Release|Any CPU
	EndGlobalSection
	GlobalSection(SolutionProperties) = preSolution
		HideSolutionNode = FALSE
	EndGlobalSection
	GlobalSection(ExtensibilityGlobals) = postSolution
		SolutionGuid = {CA0ED808-44E4-43DE-9889-5F29781AD8CA}
	EndGlobalSection
EndGlobal
