
Microsoft Visual Studio Solution File, Format Version 12.00
# Visual Studio Version 16
VisualStudioVersion = 16.0.29519.87
MinimumVisualStudioVersion = 10.0.40219.1
Project("{FAE04EC0-301F-11D3-BF4B-00C04F79EFBC}") = "Mald37045cMata37044cConfig", "Mald37045cMata37044cConfig.csproj", "{0A9CE4FE-05BF-44A6-A46F-A1B733433A12}"
EndProject
Global
	GlobalSection(SolutionConfigurationPlatforms) = preSolution
		Debug|Any CPU = Debug|Any CPU
		Release|Any CPU = Release|Any CPU
	EndGlobalSection
	GlobalSection(ProjectConfigurationPlatforms) = postSolution
		{0A9CE4FE-05BF-44A6-A46F-A1B733433A12}.Debug|Any CPU.ActiveCfg = Debug|Any CPU
		{0A9CE4FE-05BF-44A6-A46F-A1B733433A12}.Debug|Any CPU.Build.0 = Debug|Any CPU
		{0A9CE4FE-05BF-44A6-A46F-A1B733433A12}.Release|Any CPU.ActiveCfg = Release|Any CPU
		{0A9CE4FE-05BF-44A6-A46F-A1B733433A12}.Release|Any CPU.Build.0 = Release|Any CPU
	EndGlobalSection
	GlobalSection(SolutionProperties) = preSolution
		HideSolutionNode = FALSE
	EndGlobalSection
	GlobalSection(ExtensibilityGlobals) = postSolution
		SolutionGuid = {877C2AE5-300D-4E79-B6C8-FF6F3C375900}
	EndGlobalSection
EndGlobal
