
Microsoft Visual Studio Solution File, Format Version 12.00
# Visual Studio Version 16
VisualStudioVersion = 16.0.29519.87
MinimumVisualStudioVersion = 10.0.40219.1
Project("{FAE04EC0-301F-11D3-BF4B-00C04F79EFBC}") = "LiDAR live demo", "LiDAR live demo.csproj", "{7CEF11AA-77BD-4304-80B9-015C8A31C683}"
EndProject
Global
	GlobalSection(SolutionConfigurationPlatforms) = preSolution
		Debug|Any CPU = Debug|Any CPU
		Release|Any CPU = Release|Any CPU
	EndGlobalSection
	GlobalSection(ProjectConfigurationPlatforms) = postSolution
		{7CEF11AA-77BD-4304-80B9-015C8A31C683}.Debug|Any CPU.ActiveCfg = Debug|Any CPU
		{7CEF11AA-77BD-4304-80B9-015C8A31C683}.Debug|Any CPU.Build.0 = Debug|Any CPU
		{7CEF11AA-77BD-4304-80B9-015C8A31C683}.Release|Any CPU.ActiveCfg = Release|Any CPU
		{7CEF11AA-77BD-4304-80B9-015C8A31C683}.Release|Any CPU.Build.0 = Release|Any CPU
	EndGlobalSection
	GlobalSection(SolutionProperties) = preSolution
		HideSolutionNode = FALSE
	EndGlobalSection
	GlobalSection(ExtensibilityGlobals) = postSolution
		SolutionGuid = {BA6BCEA8-C06A-44B8-B9B9-A109C2EA6695}
	EndGlobalSection
EndGlobal
