
Microsoft Visual Studio Solution File, Format Version 12.00
# Visual Studio 15
VisualStudioVersion = 15.0.27130.2036
MinimumVisualStudioVersion = 10.0.40219.1
Project("{FAE04EC0-301F-11D3-BF4B-00C04F79EFBC}") = "FirmwareFlashLead", "FirmwareFlashLead\FirmwareFlashLead.csproj", "{90BFEBFF-FB91-46F8-B741-9FFF1E1579DC}"
EndProject
Global
	GlobalSection(SolutionConfigurationPlatforms) = preSolution
		Debug|Any CPU = Debug|Any CPU
		Release|Any CPU = Release|Any CPU
	EndGlobalSection
	GlobalSection(ProjectConfigurationPlatforms) = postSolution
		{90BFEBFF-FB91-46F8-B741-9FFF1E1579DC}.Debug|Any CPU.ActiveCfg = Debug|Any CPU
		{90BFEBFF-FB91-46F8-B741-9FFF1E1579DC}.Debug|Any CPU.Build.0 = Debug|Any CPU
		{90BFEBFF-FB91-46F8-B741-9FFF1E1579DC}.Release|Any CPU.ActiveCfg = Release|Any CPU
		{90BFEBFF-FB91-46F8-B741-9FFF1E1579DC}.Release|Any CPU.Build.0 = Release|Any CPU
	EndGlobalSection
	GlobalSection(SolutionProperties) = preSolution
		HideSolutionNode = FALSE
	EndGlobalSection
	GlobalSection(ExtensibilityGlobals) = postSolution
		SolutionGuid = {5053A537-1CFC-4E18-9773-E198F2AE4677}
	EndGlobalSection
EndGlobal
